
Microsoft Visual Studio Solution File, Format Version 12.00
# Visual Studio Version 16
VisualStudioVersion = 16.0.29728.190
MinimumVisualStudioVersion = 10.0.40219.1
Project("{FAE04EC0-301F-11D3-BF4B-00C04F79EFBC}") = "Notes.WebApi", "Notes.WebApi\Notes.WebApi.csproj", "{6FAEA000-E87E-4E57-8CAD-369CC541E8C9}"
EndProject
Project("{FAE04EC0-301F-11D3-BF4B-00C04F79EFBC}") = "Notes.DB", "Notes.DB\Notes.DB.csproj", "{DADD0BDC-D2C5-4562-90B2-8B02B89731FB}"
EndProject
Project("{FAE04EC0-301F-11D3-BF4B-00C04F79EFBC}") = "Notes.Core", "Notes.Core\Notes.Core.csproj", "{6817469F-DF89-4B4F-B3AB-F7DA57686CEF}"
EndProject
Global
	GlobalSection(SolutionConfigurationPlatforms) = preSolution
		Debug|Any CPU = Debug|Any CPU
		Release|Any CPU = Release|Any CPU
	EndGlobalSection
	GlobalSection(ProjectConfigurationPlatforms) = postSolution
		{6FAEA000-E87E-4E57-8CAD-369CC541E8C9}.Debug|Any CPU.ActiveCfg = Debug|Any CPU
		{6FAEA000-E87E-4E57-8CAD-369CC541E8C9}.Debug|Any CPU.Build.0 = Debug|Any CPU
		{6FAEA000-E87E-4E57-8CAD-369CC541E8C9}.Release|Any CPU.ActiveCfg = Release|Any CPU
		{6FAEA000-E87E-4E57-8CAD-369CC541E8C9}.Release|Any CPU.Build.0 = Release|Any CPU
		{DADD0BDC-D2C5-4562-90B2-8B02B89731FB}.Debug|Any CPU.ActiveCfg = Debug|Any CPU
		{DADD0BDC-D2C5-4562-90B2-8B02B89731FB}.Debug|Any CPU.Build.0 = Debug|Any CPU
		{DADD0BDC-D2C5-4562-90B2-8B02B89731FB}.Release|Any CPU.ActiveCfg = Release|Any CPU
		{DADD0BDC-D2C5-4562-90B2-8B02B89731FB}.Release|Any CPU.Build.0 = Release|Any CPU
		{6817469F-DF89-4B4F-B3AB-F7DA57686CEF}.Debug|Any CPU.ActiveCfg = Debug|Any CPU
		{6817469F-DF89-4B4F-B3AB-F7DA57686CEF}.Debug|Any CPU.Build.0 = Debug|Any CPU
		{6817469F-DF89-4B4F-B3AB-F7DA57686CEF}.Release|Any CPU.ActiveCfg = Release|Any CPU
		{6817469F-DF89-4B4F-B3AB-F7DA57686CEF}.Release|Any CPU.Build.0 = Release|Any CPU
	EndGlobalSection
	GlobalSection(SolutionProperties) = preSolution
		HideSolutionNode = FALSE
	EndGlobalSection
	GlobalSection(ExtensibilityGlobals) = postSolution
		SolutionGuid = {7DAAF5F8-C938-4C7B-A596-52ED1FC01054}
	EndGlobalSection
EndGlobal
